
Microsoft Visual Studio Solution File, Format Version 12.00
# Visual Studio 15
VisualStudioVersion = 15.0.27004.2006
MinimumVisualStudioVersion = 10.0.40219.1
Project("{9A19103F-16F7-4668-BE54-9A1E7A4F7556}") = "Sttp.WireProtocol", "Sttp.WireProtocol\Sttp.WireProtocol.csproj", "{8048242F-DEBD-43B2-8673-BEA2EC461EE3}"
EndProject
Project("{9A19103F-16F7-4668-BE54-9A1E7A4F7556}") = "Sttp.Publisher", "Sttp.Publisher\Sttp.Publisher.csproj", "{3C414D02-3971-47A5-9CB0-C4E56879EB59}"
EndProject
Project("{9A19103F-16F7-4668-BE54-9A1E7A4F7556}") = "Sttp.Subscriber", "Sttp.Subscriber\Sttp.Subscriber.csproj", "{1152DE5E-8668-4CFA-8AA0-EF0A9AB32885}"
EndProject
Project("{9A19103F-16F7-4668-BE54-9A1E7A4F7556}") = "TestHarness", "TestHarness\TestHarness.csproj", "{EFC6D89E-912E-4D0D-9042-1043E4048E99}"
EndProject
Project("{9A19103F-16F7-4668-BE54-9A1E7A4F7556}") = "Sttp.Core", "Sttp.Core\Sttp.Core.csproj", "{8546536C-FC21-4C1D-9E16-6B3E4BAA4C0D}"
EndProject
Project("{9A19103F-16F7-4668-BE54-9A1E7A4F7556}") = "Sttp.Tests", "Sttp.Tests\Sttp.Tests.csproj", "{D7A50DA7-0E6F-4D45-AED9-C76E0993678D}"
EndProject
Project("{FAE04EC0-301F-11D3-BF4B-00C04F79EFBC}") = "Sttp.WireProtocol2", "Sttp.WireProtocol2\Sttp.WireProtocol2.csproj", "{6E3B76C3-ABA3-4FDB-B062-EB34EC271FAA}"
EndProject
Global
	GlobalSection(SolutionConfigurationPlatforms) = preSolution
		Debug|Any CPU = Debug|Any CPU
		Release|Any CPU = Release|Any CPU
	EndGlobalSection
	GlobalSection(ProjectConfigurationPlatforms) = postSolution
		{8048242F-DEBD-43B2-8673-BEA2EC461EE3}.Debug|Any CPU.ActiveCfg = Debug|Any CPU
		{8048242F-DEBD-43B2-8673-BEA2EC461EE3}.Debug|Any CPU.Build.0 = Debug|Any CPU
		{8048242F-DEBD-43B2-8673-BEA2EC461EE3}.Release|Any CPU.ActiveCfg = Release|Any CPU
		{8048242F-DEBD-43B2-8673-BEA2EC461EE3}.Release|Any CPU.Build.0 = Release|Any CPU
		{3C414D02-3971-47A5-9CB0-C4E56879EB59}.Debug|Any CPU.ActiveCfg = Debug|Any CPU
		{3C414D02-3971-47A5-9CB0-C4E56879EB59}.Debug|Any CPU.Build.0 = Debug|Any CPU
		{3C414D02-3971-47A5-9CB0-C4E56879EB59}.Release|Any CPU.ActiveCfg = Release|Any CPU
		{3C414D02-3971-47A5-9CB0-C4E56879EB59}.Release|Any CPU.Build.0 = Release|Any CPU
		{1152DE5E-8668-4CFA-8AA0-EF0A9AB32885}.Debug|Any CPU.ActiveCfg = Debug|Any CPU
		{1152DE5E-8668-4CFA-8AA0-EF0A9AB32885}.Debug|Any CPU.Build.0 = Debug|Any CPU
		{1152DE5E-8668-4CFA-8AA0-EF0A9AB32885}.Release|Any CPU.ActiveCfg = Release|Any CPU
		{1152DE5E-8668-4CFA-8AA0-EF0A9AB32885}.Release|Any CPU.Build.0 = Release|Any CPU
		{EFC6D89E-912E-4D0D-9042-1043E4048E99}.Debug|Any CPU.ActiveCfg = Debug|Any CPU
		{EFC6D89E-912E-4D0D-9042-1043E4048E99}.Debug|Any CPU.Build.0 = Debug|Any CPU
		{EFC6D89E-912E-4D0D-9042-1043E4048E99}.Release|Any CPU.ActiveCfg = Release|Any CPU
		{EFC6D89E-912E-4D0D-9042-1043E4048E99}.Release|Any CPU.Build.0 = Release|Any CPU
		{8546536C-FC21-4C1D-9E16-6B3E4BAA4C0D}.Debug|Any CPU.ActiveCfg = Debug|Any CPU
		{8546536C-FC21-4C1D-9E16-6B3E4BAA4C0D}.Debug|Any CPU.Build.0 = Debug|Any CPU
		{8546536C-FC21-4C1D-9E16-6B3E4BAA4C0D}.Release|Any CPU.ActiveCfg = Release|Any CPU
		{8546536C-FC21-4C1D-9E16-6B3E4BAA4C0D}.Release|Any CPU.Build.0 = Release|Any CPU
		{D7A50DA7-0E6F-4D45-AED9-C76E0993678D}.Debug|Any CPU.ActiveCfg = Debug|Any CPU
		{D7A50DA7-0E6F-4D45-AED9-C76E0993678D}.Debug|Any CPU.Build.0 = Debug|Any CPU
		{D7A50DA7-0E6F-4D45-AED9-C76E0993678D}.Release|Any CPU.ActiveCfg = Release|Any CPU
		{D7A50DA7-0E6F-4D45-AED9-C76E0993678D}.Release|Any CPU.Build.0 = Release|Any CPU
		{6E3B76C3-ABA3-4FDB-B062-EB34EC271FAA}.Debug|Any CPU.ActiveCfg = Debug|Any CPU
		{6E3B76C3-ABA3-4FDB-B062-EB34EC271FAA}.Debug|Any CPU.Build.0 = Debug|Any CPU
		{6E3B76C3-ABA3-4FDB-B062-EB34EC271FAA}.Release|Any CPU.ActiveCfg = Release|Any CPU
		{6E3B76C3-ABA3-4FDB-B062-EB34EC271FAA}.Release|Any CPU.Build.0 = Release|Any CPU
	EndGlobalSection
	GlobalSection(SolutionProperties) = preSolution
		HideSolutionNode = FALSE
	EndGlobalSection
	GlobalSection(ExtensibilityGlobals) = postSolution
		SolutionGuid = {6829BF28-1371-44E7-B716-4AC563C9A933}
	EndGlobalSection
EndGlobal
